// !$*UTF8*$!
{
	archiveVersion = 1;
	classes = {
	};
	objectVersion = 50;
	objects = {

/* Begin PBXBuildFile section */
		8D8D6B2251A0CFA65BB78701 /* Pods_AudioStream.framework in Frameworks */ = {isa = PBXBuildFile; fileRef = 858D8ABCEE4C8AA532CA31D1 /* Pods_AudioStream.framework */; };
		C5190FBD24276F4700C57795 /* AppDelegate.swift in Sources */ = {isa = PBXBuildFile; fileRef = C5190FBC24276F4700C57795 /* AppDelegate.swift */; };
		C5190FBF24276F4700C57795 /* SceneDelegate.swift in Sources */ = {isa = PBXBuildFile; fileRef = C5190FBE24276F4700C57795 /* SceneDelegate.swift */; };
		C5190FC124276F4700C57795 /* ViewController.swift in Sources */ = {isa = PBXBuildFile; fileRef = C5190FC024276F4700C57795 /* ViewController.swift */; };
		C5190FC424276F4700C57795 /* Main.storyboard in Resources */ = {isa = PBXBuildFile; fileRef = C5190FC224276F4700C57795 /* Main.storyboard */; };
		C5190FC624276F4800C57795 /* Assets.xcassets in Resources */ = {isa = PBXBuildFile; fileRef = C5190FC524276F4800C57795 /* Assets.xcassets */; };
		C5190FC924276F4800C57795 /* LaunchScreen.storyboard in Resources */ = {isa = PBXBuildFile; fileRef = C5190FC724276F4800C57795 /* LaunchScreen.storyboard */; };
/* End PBXBuildFile section */

/* Begin PBXFileReference section */
		858D8ABCEE4C8AA532CA31D1 /* Pods_AudioStream.framework */ = {isa = PBXFileReference; explicitFileType = wrapper.framework; includeInIndex = 0; path = Pods_AudioStream.framework; sourceTree = BUILT_PRODUCTS_DIR; };
		9ECAC22CFEAF3A7BA38F5345 /* Pods-AudioStream.debug.xcconfig */ = {isa = PBXFileReference; includeInIndex = 1; lastKnownFileType = text.xcconfig; name = "Pods-AudioStream.debug.xcconfig"; path = "Target Support Files/Pods-AudioStream/Pods-AudioStream.debug.xcconfig"; sourceTree = "<group>"; };
		C5190FB924276F4700C57795 /* AudioStream.app */ = {isa = PBXFileReference; explicitFileType = wrapper.application; includeInIndex = 0; path = AudioStream.app; sourceTree = BUILT_PRODUCTS_DIR; };
		C5190FBC24276F4700C57795 /* AppDelegate.swift */ = {isa = PBXFileReference; lastKnownFileType = sourcecode.swift; path = AppDelegate.swift; sourceTree = "<group>"; };
		C5190FBE24276F4700C57795 /* SceneDelegate.swift */ = {isa = PBXFileReference; lastKnownFileType = sourcecode.swift; path = SceneDelegate.swift; sourceTree = "<group>"; };
		C5190FC024276F4700C57795 /* ViewController.swift */ = {isa = PBXFileReference; lastKnownFileType = sourcecode.swift; path = ViewController.swift; sourceTree = "<group>"; };
		C5190FC324276F4700C57795 /* Base */ = {isa = PBXFileReference; lastKnownFileType = file.storyboard; name = Base; path = Base.lproj/Main.storyboard; sourceTree = "<group>"; };
		C5190FC524276F4800C57795 /* Assets.xcassets */ = {isa = PBXFileReference; lastKnownFileType = folder.assetcatalog; path = Assets.xcassets; sourceTree = "<group>"; };
		C5190FC824276F4800C57795 /* Base */ = {isa = PBXFileReference; lastKnownFileType = file.storyboard; name = Base; path = Base.lproj/LaunchScreen.storyboard; sourceTree = "<group>"; };
		C5190FCA24276F4800C57795 /* Info.plist */ = {isa = PBXFileReference; lastKnownFileType = text.plist.xml; path = Info.plist; sourceTree = "<group>"; };
		F46DEBC4CDB4A5FA06ECADBD /* Pods-AudioStream.release.xcconfig */ = {isa = PBXFileReference; includeInIndex = 1; lastKnownFileType = text.xcconfig; name = "Pods-AudioStream.release.xcconfig"; path = "Target Support Files/Pods-AudioStream/Pods-AudioStream.release.xcconfig"; sourceTree = "<group>"; };
/* End PBXFileReference section */

/* Begin PBXFrameworksBuildPhase section */
		C5190FB624276F4700C57795 /* Frameworks */ = {
			isa = PBXFrameworksBuildPhase;
			buildActionMask = 2147483647;
			files = (
				8D8D6B2251A0CFA65BB78701 /* Pods_AudioStream.framework in Frameworks */,
			);
			runOnlyForDeploymentPostprocessing = 0;
		};
/* End PBXFrameworksBuildPhase section */

/* Begin PBXGroup section */
		C5190FB024276F4700C57795 = {
			isa = PBXGroup;
			children = (
				C5190FBB24276F4700C57795 /* AudioStream */,
				C5190FBA24276F4700C57795 /* Products */,
				F26C1E9D3413F6B200877E5E /* Pods */,
				D8B171814EE99A3B60A8C011 /* Frameworks */,
			);
			sourceTree = "<group>";
		};
		C5190FBA24276F4700C57795 /* Products */ = {
			isa = PBXGroup;
			children = (
				C5190FB924276F4700C57795 /* AudioStream.app */,
			);
			name = Products;
			sourceTree = "<group>";
		};
		C5190FBB24276F4700C57795 /* AudioStream */ = {
			isa = PBXGroup;
			children = (
				C5190FBC24276F4700C57795 /* AppDelegate.swift */,
				C5190FBE24276F4700C57795 /* SceneDelegate.swift */,
				C5190FC024276F4700C57795 /* ViewController.swift */,
				C5190FC224276F4700C57795 /* Main.storyboard */,
				C5190FC524276F4800C57795 /* Assets.xcassets */,
				C5190FC724276F4800C57795 /* LaunchScreen.storyboard */,
				C5190FCA24276F4800C57795 /* Info.plist */,
			);
			path = AudioStream;
			sourceTree = "<group>";
		};
		D8B171814EE99A3B60A8C011 /* Frameworks */ = {
			isa = PBXGroup;
			children = (
				858D8ABCEE4C8AA532CA31D1 /* Pods_AudioStream.framework */,
			);
			name = Frameworks;
			sourceTree = "<group>";
		};
		F26C1E9D3413F6B200877E5E /* Pods */ = {
			isa = PBXGroup;
			children = (
				9ECAC22CFEAF3A7BA38F5345 /* Pods-AudioStream.debug.xcconfig */,
				F46DEBC4CDB4A5FA06ECADBD /* Pods-AudioStream.release.xcconfig */,
			);
			name = Pods;
			path = Pods;
			sourceTree = "<group>";
		};
/* End PBXGroup section */

/* Begin PBXNativeTarget section */
		C5190FB824276F4700C57795 /* AudioStream */ = {
			isa = PBXNativeTarget;
			buildConfigurationList = C5190FCD24276F4800C57795 /* Build configuration list for PBXNativeTarget "AudioStream" */;
			buildPhases = (
				F5B8CDC7858EB3DCA27ADC4B /* [CP] Check Pods Manifest.lock */,
				C5190FB524276F4700C57795 /* Sources */,
				C5190FB624276F4700C57795 /* Frameworks */,
				C5190FB724276F4700C57795 /* Resources */,
				D87FBDF60C2AF75D24D26075 /* [CP] Embed Pods Frameworks */,
			);
			buildRules = (
			);
			dependencies = (
			);
			name = AudioStream;
			productName = AudioStream;
			productReference = C5190FB924276F4700C57795 /* AudioStream.app */;
			productType = "com.apple.product-type.application";
		};
/* End PBXNativeTarget section */

/* Begin PBXProject section */
		C5190FB124276F4700C57795 /* Project object */ = {
			isa = PBXProject;
			attributes = {
				LastSwiftUpdateCheck = 1130;
				LastUpgradeCheck = 1130;
				ORGANIZATIONNAME = "Suman Chatterjee";
				TargetAttributes = {
					C5190FB824276F4700C57795 = {
						CreatedOnToolsVersion = 11.3.1;
					};
				};
			};
			buildConfigurationList = C5190FB424276F4700C57795 /* Build configuration list for PBXProject "AudioStream" */;
			compatibilityVersion = "Xcode 9.3";
			developmentRegion = en;
			hasScannedForEncodings = 0;
			knownRegions = (
				en,
				Base,
			);
			mainGroup = C5190FB024276F4700C57795;
			productRefGroup = C5190FBA24276F4700C57795 /* Products */;
			projectDirPath = "";
			projectRoot = "";
			targets = (
				C5190FB824276F4700C57795 /* AudioStream */,
			);
		};
/* End PBXProject section */

/* Begin PBXResourcesBuildPhase section */
		C5190FB724276F4700C57795 /* Resources */ = {
			isa = PBXResourcesBuildPhase;
			buildActionMask = 2147483647;
			files = (
				C5190FC924276F4800C57795 /* LaunchScreen.storyboard in Resources */,
				C5190FC624276F4800C57795 /* Assets.xcassets in Resources */,
				C5190FC424276F4700C57795 /* Main.storyboard in Resources */,
			);
			runOnlyForDeploymentPostprocessing = 0;
		};
/* End PBXResourcesBuildPhase section */

/* Begin PBXShellScriptBuildPhase section */
		D87FBDF60C2AF75D24D26075 /* [CP] Embed Pods Frameworks */ = {
			isa = PBXShellScriptBuildPhase;
			buildActionMask = 2147483647;
			files = (
			);
			inputFileListPaths = (
				"${PODS_ROOT}/Target Support Files/Pods-AudioStream/Pods-AudioStream-frameworks-${CONFIGURATION}-input-files.xcfilelist",
			);
			name = "[CP] Embed Pods Frameworks";
			outputFileListPaths = (
				"${PODS_ROOT}/Target Support Files/Pods-AudioStream/Pods-AudioStream-frameworks-${CONFIGURATION}-output-files.xcfilelist",
			);
			runOnlyForDeploymentPostprocessing = 0;
			shellPath = /bin/sh;
			shellScript = "\"${PODS_ROOT}/Target Support Files/Pods-AudioStream/Pods-AudioStream-frameworks.sh\"\n";
			showEnvVarsInLog = 0;
		};
		F5B8CDC7858EB3DCA27ADC4B /* [CP] Check Pods Manifest.lock */ = {
			isa = PBXShellScriptBuildPhase;
			buildActionMask = 2147483647;
			files = (
			);
			inputFileListPaths = (
			);
			inputPaths = (
				"${PODS_PODFILE_DIR_PATH}/Podfile.lock",
				"${PODS_ROOT}/Manifest.lock",
			);
			name = "[CP] Check Pods Manifest.lock";
			outputFileListPaths = (
			);
			outputPaths = (
				"$(DERIVED_FILE_DIR)/Pods-AudioStream-checkManifestLockResult.txt",
			);
			runOnlyForDeploymentPostprocessing = 0;
			shellPath = /bin/sh;
			shellScript = "diff \"${PODS_PODFILE_DIR_PATH}/Podfile.lock\" \"${PODS_ROOT}/Manifest.lock\" > /dev/null\nif [ $? != 0 ] ; then\n    # print error to STDERR\n    echo \"error: The sandbox is not in sync with the Podfile.lock. Run 'pod install' or update your CocoaPods installation.\" >&2\n    exit 1\nfi\n# This output is used by Xcode 'outputs' to avoid re-running this script phase.\necho \"SUCCESS\" > \"${SCRIPT_OUTPUT_FILE_0}\"\n";
			showEnvVarsInLog = 0;
		};
/* End PBXShellScriptBuildPhase section */

/* Begin PBXSourcesBuildPhase section */
		C5190FB524276F4700C57795 /* Sources */ = {
			isa = PBXSourcesBuildPhase;
			buildActionMask = 2147483647;
			files = (
				C5190FC124276F4700C57795 /* ViewController.swift in Sources */,
				C5190FBD24276F4700C57795 /* AppDelegate.swift in Sources */,
				C5190FBF24276F4700C57795 /* SceneDelegate.swift in Sources */,
			);
			runOnlyForDeploymentPostprocessing = 0;
		};
/* End PBXSourcesBuildPhase section */

/* Begin PBXVariantGroup section */
		C5190FC224276F4700C57795 /* Main.storyboard */ = {
			isa = PBXVariantGroup;
			children = (
				C5190FC324276F4700C57795 /* Base */,
			);
			name = Main.storyboard;
			sourceTree = "<group>";
		};
		C5190FC724276F4800C57795 /* LaunchScreen.storyboard */ = {
			isa = PBXVariantGroup;
			children = (
				C5190FC824276F4800C57795 /* Base */,
			);
			name = LaunchScreen.storyboard;
			sourceTree = "<group>";
		};
/* End PBXVariantGroup section */

/* Begin XCBuildConfiguration section */
		C5190FCB24276F4800C57795 /* Debug */ = {
			isa = XCBuildConfiguration;
			buildSettings = {
				ALWAYS_SEARCH_USER_PATHS = NO;
				CLANG_ANALYZER_NONNULL = YES;
				CLANG_ANALYZER_NUMBER_OBJECT_CONVERSION = YES_AGGRESSIVE;
				CLANG_CXX_LANGUAGE_STANDARD = "gnu++14";
				CLANG_CXX_LIBRARY = "libc++";
				CLANG_ENABLE_MODULES = YES;
				CLANG_ENABLE_OBJC_ARC = YES;
				CLANG_ENABLE_OBJC_WEAK = YES;
				CLANG_WARN_BLOCK_CAPTURE_AUTORELEASING = YES;
				CLANG_WARN_BOOL_CONVERSION = YES;
				CLANG_WARN_COMMA = YES;
				CLANG_WARN_CONSTANT_CONVERSION = YES;
				CLANG_WARN_DEPRECATED_OBJC_IMPLEMENTATIONS = YES;
				CLANG_WARN_DIRECT_OBJC_ISA_USAGE = YES_ERROR;
				CLANG_WARN_DOCUMENTATION_COMMENTS = YES;
				CLANG_WARN_EMPTY_BODY = YES;
				CLANG_WARN_ENUM_CONVERSION = YES;
				CLANG_WARN_INFINITE_RECURSION = YES;
				CLANG_WARN_INT_CONVERSION = YES;
				CLANG_WARN_NON_LITERAL_NULL_CONVERSION = YES;
				CLANG_WARN_OBJC_IMPLICIT_RETAIN_SELF = YES;
				CLANG_WARN_OBJC_LITERAL_CONVERSION = YES;
				CLANG_WARN_OBJC_ROOT_CLASS = YES_ERROR;
				CLANG_WARN_RANGE_LOOP_ANALYSIS = YES;
				CLANG_WARN_STRICT_PROTOTYPES = YES;
				CLANG_WARN_SUSPICIOUS_MOVE = YES;
				CLANG_WARN_UNGUARDED_AVAILABILITY = YES_AGGRESSIVE;
				CLANG_WARN_UNREACHABLE_CODE = YES;
				CLANG_WARN__DUPLICATE_METHOD_MATCH = YES;
				COPY_PHASE_STRIP = NO;
				DEBUG_INFORMATION_FORMAT = dwarf;
				ENABLE_STRICT_OBJC_MSGSEND = YES;
				ENABLE_TESTABILITY = YES;
				GCC_C_LANGUAGE_STANDARD = gnu11;
				GCC_DYNAMIC_NO_PIC = NO;
				GCC_NO_COMMON_BLOCKS = YES;
				GCC_OPTIMIZATION_LEVEL = 0;
				GCC_PREPROCESSOR_DEFINITIONS = (
					"DEBUG=1",
					"$(inherited)",
				);
				GCC_WARN_64_TO_32_BIT_CONVERSION = YES;
				GCC_WARN_ABOUT_RETURN_TYPE = YES_ERROR;
				GCC_WARN_UNDECLARED_SELECTOR = YES;
				GCC_WARN_UNINITIALIZED_AUTOS = YES_AGGRESSIVE;
				GCC_WARN_UNUSED_FUNCTION = YES;
				GCC_WARN_UNUSED_VARIABLE = YES;
				IPHONEOS_DEPLOYMENT_TARGET = 13.2;
				MTL_ENABLE_DEBUG_INFO = INCLUDE_SOURCE;
				MTL_FAST_MATH = YES;
				ONLY_ACTIVE_ARCH = YES;
				SDKROOT = iphoneos;
				SWIFT_ACTIVE_COMPILATION_CONDITIONS = DEBUG;
				SWIFT_OPTIMIZATION_LEVEL = "-Onone";
			};
			name = Debug;
		};
		C5190FCC24276F4800C57795 /* Release */ = {
			isa = XCBuildConfiguration;
			buildSettings = {
				ALWAYS_SEARCH_USER_PATHS = NO;
				CLANG_ANALYZER_NONNULL = YES;
				CLANG_ANALYZER_NUMBER_OBJECT_CONVERSION = YES_AGGRESSIVE;
				CLANG_CXX_LANGUAGE_STANDARD = "gnu++14";
				CLANG_CXX_LIBRARY = "libc++";
				CLANG_ENABLE_MODULES = YES;
				CLANG_ENABLE_OBJC_ARC = YES;
				CLANG_ENABLE_OBJC_WEAK = YES;
				CLANG_WARN_BLOCK_CAPTURE_AUTORELEASING = YES;
				CLANG_WARN_BOOL_CONVERSION = YES;
				CLANG_WARN_COMMA = YES;
				CLANG_WARN_CONSTANT_CONVERSION = YES;
				CLANG_WARN_DEPRECATED_OBJC_IMPLEMENTATIONS = YES;
				CLANG_WARN_DIRECT_OBJC_ISA_USAGE = YES_ERROR;
				CLANG_WARN_DOCUMENTATION_COMMENTS = YES;
				CLANG_WARN_EMPTY_BODY = YES;
				CLANG_WARN_ENUM_CONVERSION = YES;
				CLANG_WARN_INFINITE_RECURSION = YES;
				CLANG_WARN_INT_CONVERSION = YES;
				CLANG_WARN_NON_LITERAL_NULL_CONVERSION = YES;
				CLANG_WARN_OBJC_IMPLICIT_RETAIN_SELF = YES;
				CLANG_WARN_OBJC_LITERAL_CONVERSION = YES;
				CLANG_WARN_OBJC_ROOT_CLASS = YES_ERROR;
				CLANG_WARN_RANGE_LOOP_ANALYSIS = YES;
				CLANG_WARN_STRICT_PROTOTYPES = YES;
				CLANG_WARN_SUSPICIOUS_MOVE = YES;
				CLANG_WARN_UNGUARDED_AVAILABILITY = YES_AGGRESSIVE;
				CLANG_WARN_UNREACHABLE_CODE = YES;
				CLANG_WARN__DUPLICATE_METHOD_MATCH = YES;
				COPY_PHASE_STRIP = NO;
				DEBUG_INFORMATION_FORMAT = "dwarf-with-dsym";
				ENABLE_NS_ASSERTIONS = NO;
				ENABLE_STRICT_OBJC_MSGSEND = YES;
				GCC_C_LANGUAGE_STANDARD = gnu11;
				GCC_NO_COMMON_BLOCKS = YES;
				GCC_WARN_64_TO_32_BIT_CONVERSION = YES;
				GCC_WARN_ABOUT_RETURN_TYPE = YES_ERROR;
				GCC_WARN_UNDECLARED_SELECTOR = YES;
				GCC_WARN_UNINITIALIZED_AUTOS = YES_AGGRESSIVE;
				GCC_WARN_UNUSED_FUNCTION = YES;
				GCC_WARN_UNUSED_VARIABLE = YES;
				IPHONEOS_DEPLOYMENT_TARGET = 13.2;
				MTL_ENABLE_DEBUG_INFO = NO;
				MTL_FAST_MATH = YES;
				SDKROOT = iphoneos;
				SWIFT_COMPILATION_MODE = wholemodule;
				SWIFT_OPTIMIZATION_LEVEL = "-O";
				VALIDATE_PRODUCT = YES;
			};
			name = Release;
		};
		C5190FCE24276F4800C57795 /* Debug */ = {
			isa = XCBuildConfiguration;
			baseConfigurationReference = 9ECAC22CFEAF3A7BA38F5345 /* Pods-AudioStream.debug.xcconfig */;
			buildSettings = {
				ASSETCATALOG_COMPILER_APPICON_NAME = AppIcon;
				CODE_SIGN_STYLE = Automatic;
				DEVELOPMENT_TEAM = 8VT29F6R7U;
				INFOPLIST_FILE = AudioStream/Info.plist;
				LD_RUNPATH_SEARCH_PATHS = (
					"$(inherited)",
					"@executable_path/Frameworks",
				);
				LIBRARY_SEARCH_PATHS = (
					"$(inherited)",
					"$(PROJECT_DIR)/AudioStream",
				);
				PRODUCT_BUNDLE_IDENTIFIER = Dreamapps.AudioStream;
				PRODUCT_NAME = "$(TARGET_NAME)";
				SWIFT_VERSION = 5.0;
				TARGETED_DEVICE_FAMILY = "1,2";
			};
			name = Debug;
		};
		C5190FCF24276F4800C57795 /* Release */ = {
			isa = XCBuildConfiguration;
			baseConfigurationReference = F46DEBC4CDB4A5FA06ECADBD /* Pods-AudioStream.release.xcconfig */;
			buildSettings = {
				ASSETCATALOG_COMPILER_APPICON_NAME = AppIcon;
				CODE_SIGN_STYLE = Automatic;
				DEVELOPMENT_TEAM = 8VT29F6R7U;
				INFOPLIST_FILE = AudioStream/Info.plist;
				LD_RUNPATH_SEARCH_PATHS = (
					"$(inherited)",
					"@executable_path/Frameworks",
				);
				LIBRARY_SEARCH_PATHS = (
					"$(inherited)",
					"$(PROJECT_DIR)/AudioStream",
				);
				PRODUCT_BUNDLE_IDENTIFIER = Dreamapps.AudioStream;
				PRODUCT_NAME = "$(TARGET_NAME)";
				SWIFT_VERSION = 5.0;
				TARGETED_DEVICE_FAMILY = "1,2";
			};
			name = Release;
		};
/* End XCBuildConfiguration section */

/* Begin XCConfigurationList section */
		C5190FB424276F4700C57795 /* Build configuration list for PBXProject "AudioStream" */ = {
			isa = XCConfigurationList;
			buildConfigurations = (
				C5190FCB24276F4800C57795 /* Debug */,
				C5190FCC24276F4800C57795 /* Release */,
			);
			defaultConfigurationIsVisible = 0;
			defaultConfigurationName = Release;
		};
		C5190FCD24276F4800C57795 /* Build configuration list for PBXNativeTarget "AudioStream" */ = {
			isa = XCConfigurationList;
			buildConfigurations = (
				C5190FCE24276F4800C57795 /* Debug */,
				C5190FCF24276F4800C57795 /* Release */,
			);
			defaultConfigurationIsVisible = 0;
			defaultConfigurationName = Release;
		};
/* End XCConfigurationList section */
	};
	rootObject = C5190FB124276F4700C57795 /* Project object */;
}
